# THIS IS AN AUTOGENERATED FILE. DO NOT EDIT THIS FILE DIRECTLY.
# yarn lockfile v1


"@escook/express-joi@^1.0.0":
  "integrity" "sha1-6O9ejnuhrKlTI/MyZaKO0vE+h6E="
  "resolved" "https://registry.npm.taobao.org/@escook/express-joi/download/@escook/express-joi-1.0.0.tgz"
  "version" "1.0.0"
  dependencies:
    "@hapi/joi" "^17.1.0"

"@hapi/address@^4.0.0":
  "integrity" "sha1-JnMB3fe8RTcYN3pvs4MqLwSnId0="
  "resolved" "https://registry.npm.taobao.org/@hapi/address/download/@hapi/address-4.0.1.tgz?cache=0&sync_timestamp=1584144992341&other_urls=https%3A%2F%2Fregistry.npm.taobao.org%2F%40hapi%2Faddress%2Fdownload%2F%40hapi%2Faddress-4.0.1.tgz"
  "version" "4.0.1"
  dependencies:
    "@hapi/hoek" "^9.0.0"

"@hapi/formula@^2.0.0":
  "integrity" "sha1-7a3gYZ7VjI5PFk8jPNpwIR54cSg="
  "resolved" "https://registry.npm.taobao.org/@hapi/formula/download/@hapi/formula-2.0.0.tgz"
  "version" "2.0.0"

"@hapi/hoek@^9.0.0":
  "integrity" "sha1-6ArU6OjSrcbHfZhfaYRH6GKLYBA="
  "resolved" "https://registry.npm.taobao.org/@hapi/hoek/download/@hapi/hoek-9.0.4.tgz"
  "version" "9.0.4"

"@hapi/joi@^17.1.0":
  "integrity" "sha1-zEAAtskopqObm+8JIVG2ve4QzlU="
  "resolved" "https://registry.npm.taobao.org/@hapi/joi/download/@hapi/joi-17.1.0.tgz?cache=0&sync_timestamp=1584144992468&other_urls=https%3A%2F%2Fregistry.npm.taobao.org%2F%40hapi%2Fjoi%2Fdownload%2F%40hapi%2Fjoi-17.1.0.tgz"
  "version" "17.1.0"
  dependencies:
    "@hapi/address" "^4.0.0"
    "@hapi/formula" "^2.0.0"
    "@hapi/hoek" "^9.0.0"
    "@hapi/pinpoint" "^2.0.0"
    "@hapi/topo" "^5.0.0"

"@hapi/pinpoint@^2.0.0":
  "integrity" "sha1-gFtA1NvsBPwRanMIlJTgDwc96N8="
  "resolved" "https://registry.npm.taobao.org/@hapi/pinpoint/download/@hapi/pinpoint-2.0.0.tgz"
  "version" "2.0.0"

"@hapi/topo@^5.0.0":
  "integrity" "sha1-wZr4V3+jk6BunHe2CZWvlZvnIec="
  "resolved" "https://registry.npm.taobao.org/@hapi/topo/download/@hapi/topo-5.0.0.tgz"
  "version" "5.0.0"
  dependencies:
    "@hapi/hoek" "^9.0.0"

"@sideway/address@^4.1.3":
  "integrity" "sha512-7vwq+rOHVWjyXxVlR76Agnvhy8I9rpzjosTESvmhNeXOXdZZB15Fl+TI9x1SiHZH5Jv2wTGduSxFDIaq0m3DUw=="
  "resolved" "https://r.cnpmjs.org/@sideway/address/-/address-4.1.4.tgz"
  "version" "4.1.4"
  dependencies:
    "@hapi/hoek" "^9.0.0"

"@sideway/formula@^3.0.0":
  "integrity" "sha512-vHe7wZ4NOXVfkoRb8T5otiENVlT7a3IAiw7H5M2+GO+9CDgcVUUsX1zalAztCmwyOr2RUTGJdgB+ZvSVqmdHmg=="
  "resolved" "https://r2.cnpmjs.org/@sideway/formula/-/formula-3.0.0.tgz"
  "version" "3.0.0"

"@sideway/pinpoint@^2.0.0":
  "integrity" "sha512-RNiOoTPkptFtSVzQevY/yWtZwf/RxyVnPy/OcA9HBM3MlGDnBEYL5B41H0MTn0Uec8Hi+2qUtTfG2WWZBmMejQ=="
  "resolved" "https://r2.cnpmjs.org/@sideway/pinpoint/-/pinpoint-2.0.0.tgz"
  "version" "2.0.0"

"accepts@~1.3.7":
  "integrity" "sha1-UxvHJlF6OytB+FACHGzBXqq1B80="
  "resolved" "https://registry.npm.taobao.org/accepts/download/accepts-1.3.7.tgz"
  "version" "1.3.7"
  dependencies:
    "mime-types" "~2.1.24"
    "negotiator" "0.6.2"

"append-field@^1.0.0":
  "integrity" "sha1-HjRA6RXwsSA9I3SOeO3XubW0PlY="
  "resolved" "https://registry.npm.taobao.org/append-field/download/append-field-1.0.0.tgz"
  "version" "1.0.0"

"array-flatten@1.1.1":
  "integrity" "sha1-ml9pkFGx5wczKPKgCJaLZOopVdI="
  "resolved" "https://registry.npm.taobao.org/array-flatten/download/array-flatten-1.1.1.tgz?cache=0&sync_timestamp=1574313293899&other_urls=https%3A%2F%2Fregistry.npm.taobao.org%2Farray-flatten%2Fdownload%2Farray-flatten-1.1.1.tgz"
  "version" "1.1.1"

"async@^1.5.0":
  "integrity" "sha1-7GphrlZIDAw8skHJVhjiCJL5Zyo="
  "resolved" "https://registry.npm.taobao.org/async/download/async-1.5.2.tgz"
  "version" "1.5.2"

"bcryptjs@^2.4.3":
  "integrity" "sha1-mrVie5PmBiH/fNrF2pczAn3x0Ms="
  "resolved" "https://registry.npm.taobao.org/bcryptjs/download/bcryptjs-2.4.3.tgz"
  "version" "2.4.3"

"bignumber.js@9.0.0":
  "integrity" "sha1-gFiA+Eoym16sbny2+CdLbYK98HU="
  "resolved" "https://registry.npm.taobao.org/bignumber.js/download/bignumber.js-9.0.0.tgz"
  "version" "9.0.0"

"body-parser@1.19.0":
  "integrity" "sha1-lrJwnlfJxOCab9Zqj9l5hE9p8Io="
  "resolved" "https://registry.npm.taobao.org/body-parser/download/body-parser-1.19.0.tgz"
  "version" "1.19.0"
  dependencies:
    "bytes" "3.1.0"
    "content-type" "~1.0.4"
    "debug" "2.6.9"
    "depd" "~1.1.2"
    "http-errors" "1.7.2"
    "iconv-lite" "0.4.24"
    "on-finished" "~2.3.0"
    "qs" "6.7.0"
    "raw-body" "2.4.0"
    "type-is" "~1.6.17"

"buffer-equal-constant-time@1.0.1":
  "integrity" "sha1-+OcRMvf/5uAaXJaXpMbz5I1cyBk="
  "resolved" "https://registry.npm.taobao.org/buffer-equal-constant-time/download/buffer-equal-constant-time-1.0.1.tgz"
  "version" "1.0.1"

"buffer-from@^1.0.0":
  "integrity" "sha1-MnE7wCj3XAL9txDXx7zsHyxgcO8="
  "resolved" "https://registry.npm.taobao.org/buffer-from/download/buffer-from-1.1.1.tgz"
  "version" "1.1.1"

"busboy@^0.2.11":
  "integrity" "sha1-bCpiLvz0fFe7vh4qnDetNseSVFM="
  "resolved" "https://registry.npm.taobao.org/busboy/download/busboy-0.2.14.tgz"
  "version" "0.2.14"
  dependencies:
    "dicer" "0.2.5"
    "readable-stream" "1.1.x"

"bytes@3.1.0":
  "integrity" "sha1-9s95M6Ng4FiPqf3oVlHNx/gF0fY="
  "resolved" "https://registry.npm.taobao.org/bytes/download/bytes-3.1.0.tgz"
  "version" "3.1.0"

"circular-json@^0.5.9":
  "integrity" "sha512-4ivwqHpIFJZBuhN3g/pEcdbnGUywkBblloGbkglyloVjjR3uT6tieI89MVOfbP2tHX5sgb01FuLgAOzebNlJNQ=="
  "resolved" "https://r2.cnpmjs.org/circular-json/-/circular-json-0.5.9.tgz"
  "version" "0.5.9"

"concat-stream@^1.5.2":
  "integrity" "sha1-kEvfGUzTEi/Gdcd/xKw9T/D9GjQ="
  "resolved" "https://registry.npm.taobao.org/concat-stream/download/concat-stream-1.6.2.tgz"
  "version" "1.6.2"
  dependencies:
    "buffer-from" "^1.0.0"
    "inherits" "^2.0.3"
    "readable-stream" "^2.2.2"
    "typedarray" "^0.0.6"

"content-disposition@0.5.3":
  "integrity" "sha1-4TDK9+cnkIfFYWwgB9BIVpiYT70="
  "resolved" "https://registry.npm.taobao.org/content-disposition/download/content-disposition-0.5.3.tgz"
  "version" "0.5.3"
  dependencies:
    "safe-buffer" "5.1.2"

"content-type@~1.0.4":
  "integrity" "sha1-4TjMdeBAxyexlm/l5fjJruJW/js="
  "resolved" "https://registry.npm.taobao.org/content-type/download/content-type-1.0.4.tgz"
  "version" "1.0.4"

"cookie-parser@^1.4.6":
  "integrity" "sha512-z3IzaNjdwUC2olLIB5/ITd0/setiaFMLYiZJle7xg5Fe9KWAceil7xszYfHHBtDFYLSgJduS2Ty0P1uJdPDJeA=="
  "resolved" "https://r2.cnpmjs.org/cookie-parser/-/cookie-parser-1.4.6.tgz"
  "version" "1.4.6"
  dependencies:
    "cookie" "0.4.1"
    "cookie-signature" "1.0.6"

"cookie-signature@1.0.6":
  "integrity" "sha1-4wOogrNCzD7oylE6eZmXNNqzriw="
  "resolved" "https://registry.npm.taobao.org/cookie-signature/download/cookie-signature-1.0.6.tgz"
  "version" "1.0.6"

"cookie@0.4.0":
  "integrity" "sha1-vrQ35wIrO21JAZ0IhmUwPr6cFLo="
  "resolved" "https://registry.npm.taobao.org/cookie/download/cookie-0.4.0.tgz"
  "version" "0.4.0"

"cookie@0.4.1":
  "integrity" "sha512-ZwrFkGJxUR3EIoXtO+yVE69Eb7KlixbaeAWfBQB9vVsNn/o+Yw69gBWSSDK825hQNdN+wF8zELf3dFNl/kxkUA=="
  "resolved" "https://r2.cnpmjs.org/cookie/-/cookie-0.4.1.tgz"
  "version" "0.4.1"

"core-util-is@~1.0.0":
  "integrity" "sha1-tf1UIgqivFq1eqtxQMlAdUUDwac="
  "resolved" "https://registry.npm.taobao.org/core-util-is/download/core-util-is-1.0.2.tgz"
  "version" "1.0.2"

"cors@^2.8.5":
  "integrity" "sha1-6sEdpRWS3Ya58G9uesKTs9+HXSk="
  "resolved" "https://registry.npm.taobao.org/cors/download/cors-2.8.5.tgz"
  "version" "2.8.5"
  dependencies:
    "object-assign" "^4"
    "vary" "^1"

"debug@2.6.9":
  "integrity" "sha1-XRKFFd8TT/Mn6QpMk/Tgd6U2NB8="
  "resolved" "https://registry.npm.taobao.org/debug/download/debug-2.6.9.tgz"
  "version" "2.6.9"
  dependencies:
    "ms" "2.0.0"

"depd@~1.1.2":
  "integrity" "sha1-m81S4UwJd2PnSbJ0xDRu0uVgtak="
  "resolved" "https://registry.npm.taobao.org/depd/download/depd-1.1.2.tgz"
  "version" "1.1.2"

"destroy@~1.0.4":
  "integrity" "sha1-l4hXRCxEdJ5CBmE+N5RiBYJqvYA="
  "resolved" "https://registry.npm.taobao.org/destroy/download/destroy-1.0.4.tgz"
  "version" "1.0.4"

"dicer@0.2.5":
  "integrity" "sha1-WZbAhrszIYyBLAkL3cCc0S+stw8="
  "resolved" "https://registry.npm.taobao.org/dicer/download/dicer-0.2.5.tgz"
  "version" "0.2.5"
  dependencies:
    "readable-stream" "1.1.x"
    "streamsearch" "0.1.2"

"ecdsa-sig-formatter@1.0.11":
  "integrity" "sha1-rg8PothQRe8UqBfao86azQSJ5b8="
  "resolved" "https://registry.npm.taobao.org/ecdsa-sig-formatter/download/ecdsa-sig-formatter-1.0.11.tgz"
  "version" "1.0.11"
  dependencies:
    "safe-buffer" "^5.0.1"

"ee-first@1.1.1":
  "integrity" "sha1-WQxhFWsK4vTwJVcyoViyZrxWsh0="
  "resolved" "https://registry.npm.taobao.org/ee-first/download/ee-first-1.1.1.tgz"
  "version" "1.1.1"

"encodeurl@~1.0.2":
  "integrity" "sha1-rT/0yG7C0CkyL1oCw6mmBslbP1k="
  "resolved" "https://registry.npm.taobao.org/encodeurl/download/encodeurl-1.0.2.tgz"
  "version" "1.0.2"

"escape-html@~1.0.3":
  "integrity" "sha1-Aljq5NPQwJdN4cFpGI7wBR0dGYg="
  "resolved" "https://registry.npm.taobao.org/escape-html/download/escape-html-1.0.3.tgz"
  "version" "1.0.3"

"etag@~1.8.1":
  "integrity" "sha1-Qa4u62XvpiJorr/qg6x9eSmbCIc="
  "resolved" "https://registry.npm.taobao.org/etag/download/etag-1.8.1.tgz?cache=0&sync_timestamp=1572571377789&other_urls=https%3A%2F%2Fregistry.npm.taobao.org%2Fetag%2Fdownload%2Fetag-1.8.1.tgz"
  "version" "1.8.1"

"express-jwt@^5.3.3":
  "integrity" "sha1-5Ve0pj3TTF3datgUUnODhjFMwkM="
  "resolved" "https://registry.npm.taobao.org/express-jwt/download/express-jwt-5.3.3.tgz"
  "version" "5.3.3"
  dependencies:
    "async" "^1.5.0"
    "express-unless" "^0.3.0"
    "jsonwebtoken" "^8.1.0"
    "lodash.set" "^4.0.0"

"express-unless@^0.3.0":
  "integrity" "sha1-JVfBRudb65A+LSR/m1ugFFJpbiA="
  "resolved" "https://registry.npm.taobao.org/express-unless/download/express-unless-0.3.1.tgz"
  "version" "0.3.1"

"express@^4.17.1":
  "integrity" "sha1-RJH8OGBc9R+GKdOcK10Cb5ikwTQ="
  "resolved" "https://registry.npm.taobao.org/express/download/express-4.17.1.tgz?cache=0&sync_timestamp=1586265324781&other_urls=https%3A%2F%2Fregistry.npm.taobao.org%2Fexpress%2Fdownload%2Fexpress-4.17.1.tgz"
  "version" "4.17.1"
  dependencies:
    "accepts" "~1.3.7"
    "array-flatten" "1.1.1"
    "body-parser" "1.19.0"
    "content-disposition" "0.5.3"
    "content-type" "~1.0.4"
    "cookie" "0.4.0"
    "cookie-signature" "1.0.6"
    "debug" "2.6.9"
    "depd" "~1.1.2"
    "encodeurl" "~1.0.2"
    "escape-html" "~1.0.3"
    "etag" "~1.8.1"
    "finalhandler" "~1.1.2"
    "fresh" "0.5.2"
    "merge-descriptors" "1.0.1"
    "methods" "~1.1.2"
    "on-finished" "~2.3.0"
    "parseurl" "~1.3.3"
    "path-to-regexp" "0.1.7"
    "proxy-addr" "~2.0.5"
    "qs" "6.7.0"
    "range-parser" "~1.2.1"
    "safe-buffer" "5.1.2"
    "send" "0.17.1"
    "serve-static" "1.14.1"
    "setprototypeof" "1.1.1"
    "statuses" "~1.5.0"
    "type-is" "~1.6.18"
    "utils-merge" "1.0.1"
    "vary" "~1.1.2"

"finalhandler@~1.1.2":
  "integrity" "sha1-t+fQAP/RGTjQ/bBTUG9uur6fWH0="
  "resolved" "https://registry.npm.taobao.org/finalhandler/download/finalhandler-1.1.2.tgz"
  "version" "1.1.2"
  dependencies:
    "debug" "2.6.9"
    "encodeurl" "~1.0.2"
    "escape-html" "~1.0.3"
    "on-finished" "~2.3.0"
    "parseurl" "~1.3.3"
    "statuses" "~1.5.0"
    "unpipe" "~1.0.0"

"forwarded@~0.1.2":
  "integrity" "sha1-mMI9qxF1ZXuMBXPozszZGw/xjIQ="
  "resolved" "https://registry.npm.taobao.org/forwarded/download/forwarded-0.1.2.tgz"
  "version" "0.1.2"

"fresh@0.5.2":
  "integrity" "sha1-PYyt2Q2XZWn6g1qx+OSyOhBWBac="
  "resolved" "https://registry.npm.taobao.org/fresh/download/fresh-0.5.2.tgz?cache=0&sync_timestamp=1572571377988&other_urls=https%3A%2F%2Fregistry.npm.taobao.org%2Ffresh%2Fdownload%2Ffresh-0.5.2.tgz"
  "version" "0.5.2"

"http-errors@~1.7.2", "http-errors@1.7.2":
  "integrity" "sha1-T1ApzxMjnzEDblsuVSkrz7zIXI8="
  "resolved" "https://registry.npm.taobao.org/http-errors/download/http-errors-1.7.2.tgz"
  "version" "1.7.2"
  dependencies:
    "depd" "~1.1.2"
    "inherits" "2.0.3"
    "setprototypeof" "1.1.1"
    "statuses" ">= 1.5.0 < 2"
    "toidentifier" "1.0.0"

"iconv-lite@0.4.24":
  "integrity" "sha1-ICK0sl+93CHS9SSXSkdKr+czkIs="
  "resolved" "https://registry.npm.taobao.org/iconv-lite/download/iconv-lite-0.4.24.tgz?cache=0&sync_timestamp=1579335902637&other_urls=https%3A%2F%2Fregistry.npm.taobao.org%2Ficonv-lite%2Fdownload%2Ficonv-lite-0.4.24.tgz"
  "version" "0.4.24"
  dependencies:
    "safer-buffer" ">= 2.1.2 < 3"

"inherits@^2.0.3", "inherits@~2.0.1", "inherits@~2.0.3", "inherits@2.0.3":
  "integrity" "sha1-Yzwsg+PaQqUC9SRmAiSA9CCCYd4="
  "resolved" "https://registry.npm.taobao.org/inherits/download/inherits-2.0.3.tgz"
  "version" "2.0.3"

"ipaddr.js@1.9.1":
  "integrity" "sha1-v/OFQ+64mEglB5/zoqjmy9RngbM="
  "resolved" "https://registry.npm.taobao.org/ipaddr.js/download/ipaddr.js-1.9.1.tgz"
  "version" "1.9.1"

"isarray@~1.0.0":
  "integrity" "sha1-u5NdSFgsuhaMBoNJV6VKPgcSTxE="
  "resolved" "https://registry.npm.taobao.org/isarray/download/isarray-1.0.0.tgz"
  "version" "1.0.0"

"isarray@0.0.1":
  "integrity" "sha1-ihis/Kmo9Bd+Cav8YDiTmwXR7t8="
  "resolved" "https://registry.npm.taobao.org/isarray/download/isarray-0.0.1.tgz"
  "version" "0.0.1"

"joi@^17.6.0":
  "integrity" "sha512-OX5dG6DTbcr/kbMFj0KGYxuew69HPcAE3K/sZpEV2nP6e/j/C0HV+HNiBPCASxdx5T7DMoa0s8UeHWMnb6n2zw=="
  "resolved" "https://r.cnpmjs.org/joi/-/joi-17.6.0.tgz"
  "version" "17.6.0"
  dependencies:
    "@hapi/hoek" "^9.0.0"
    "@hapi/topo" "^5.0.0"
    "@sideway/address" "^4.1.3"
    "@sideway/formula" "^3.0.0"
    "@sideway/pinpoint" "^2.0.0"

"jsonwebtoken@^8.1.0", "jsonwebtoken@^8.5.1":
  "integrity" "sha1-AOceC431TCEhofJhN98igGc7zA0="
  "resolved" "https://registry.npm.taobao.org/jsonwebtoken/download/jsonwebtoken-8.5.1.tgz"
  "version" "8.5.1"
  dependencies:
    "jws" "^3.2.2"
    "lodash.includes" "^4.3.0"
    "lodash.isboolean" "^3.0.3"
    "lodash.isinteger" "^4.0.4"
    "lodash.isnumber" "^3.0.3"
    "lodash.isplainobject" "^4.0.6"
    "lodash.isstring" "^4.0.1"
    "lodash.once" "^4.0.0"
    "ms" "^2.1.1"
    "semver" "^5.6.0"

"jwa@^1.4.1":
  "integrity" "sha1-dDwymFy56YZVUw1TZBtmyGRbA5o="
  "resolved" "https://registry.npm.taobao.org/jwa/download/jwa-1.4.1.tgz"
  "version" "1.4.1"
  dependencies:
    "buffer-equal-constant-time" "1.0.1"
    "ecdsa-sig-formatter" "1.0.11"
    "safe-buffer" "^5.0.1"

"jws@^3.2.2":
  "integrity" "sha1-ABCZ82OUaMlBQADpmZX6UvtHgwQ="
  "resolved" "https://registry.npm.taobao.org/jws/download/jws-3.2.2.tgz"
  "version" "3.2.2"
  dependencies:
    "jwa" "^1.4.1"
    "safe-buffer" "^5.0.1"

"lodash.includes@^4.3.0":
  "integrity" "sha1-YLuYqHy5I8aMoeUTJUgzFISfVT8="
  "resolved" "https://registry.npm.taobao.org/lodash.includes/download/lodash.includes-4.3.0.tgz"
  "version" "4.3.0"

"lodash.isboolean@^3.0.3":
  "integrity" "sha1-bC4XHbKiV82WgC/UOwGyDV9YcPY="
  "resolved" "https://registry.npm.taobao.org/lodash.isboolean/download/lodash.isboolean-3.0.3.tgz"
  "version" "3.0.3"

"lodash.isinteger@^4.0.4":
  "integrity" "sha1-YZwK89A/iwTDH1iChAt3sRzWg0M="
  "resolved" "https://registry.npm.taobao.org/lodash.isinteger/download/lodash.isinteger-4.0.4.tgz"
  "version" "4.0.4"

"lodash.isnumber@^3.0.3":
  "integrity" "sha1-POdoEMWSjQM1IwGsKHMX8RwLH/w="
  "resolved" "https://registry.npm.taobao.org/lodash.isnumber/download/lodash.isnumber-3.0.3.tgz"
  "version" "3.0.3"

"lodash.isplainobject@^4.0.6":
  "integrity" "sha1-fFJqUtibRcRcxpC4gWO+BJf1UMs="
  "resolved" "https://registry.npm.taobao.org/lodash.isplainobject/download/lodash.isplainobject-4.0.6.tgz"
  "version" "4.0.6"

"lodash.isstring@^4.0.1":
  "integrity" "sha1-1SfftUVuynzJu5XV2ur4i6VKVFE="
  "resolved" "https://registry.npm.taobao.org/lodash.isstring/download/lodash.isstring-4.0.1.tgz"
  "version" "4.0.1"

"lodash.once@^4.0.0":
  "integrity" "sha1-DdOXEhPHxW34gJd9UEyI+0cal6w="
  "resolved" "https://registry.npm.taobao.org/lodash.once/download/lodash.once-4.1.1.tgz"
  "version" "4.1.1"

"lodash.set@^4.0.0":
  "integrity" "sha1-2HV7HagH3eJIFrDWqEvqGnYjCyM="
  "resolved" "https://registry.npm.taobao.org/lodash.set/download/lodash.set-4.3.2.tgz"
  "version" "4.3.2"

"media-typer@0.3.0":
  "integrity" "sha1-hxDXrwqmJvj/+hzgAWhUUmMlV0g="
  "resolved" "https://registry.npm.taobao.org/media-typer/download/media-typer-0.3.0.tgz"
  "version" "0.3.0"

"merge-descriptors@1.0.1":
  "integrity" "sha1-sAqqVW3YtEVoFQ7J0blT8/kMu2E="
  "resolved" "https://registry.npm.taobao.org/merge-descriptors/download/merge-descriptors-1.0.1.tgz"
  "version" "1.0.1"

"methods@~1.1.2":
  "integrity" "sha1-VSmk1nZUE07cxSZmVoNbD4Ua/O4="
  "resolved" "https://registry.npm.taobao.org/methods/download/methods-1.1.2.tgz"
  "version" "1.1.2"

"mime-db@1.43.0":
  "integrity" "sha1-ChLgUCZQ5HPXNVNQUOfI9OtPrlg="
  "resolved" "https://registry.npm.taobao.org/mime-db/download/mime-db-1.43.0.tgz"
  "version" "1.43.0"

"mime-types@~2.1.24":
  "integrity" "sha1-nJIfwJt+FJpl39wNpNIJlyALCgY="
  "resolved" "https://registry.npm.taobao.org/mime-types/download/mime-types-2.1.26.tgz?cache=0&sync_timestamp=1578282585871&other_urls=https%3A%2F%2Fregistry.npm.taobao.org%2Fmime-types%2Fdownload%2Fmime-types-2.1.26.tgz"
  "version" "2.1.26"
  dependencies:
    "mime-db" "1.43.0"

"mime@1.6.0":
  "integrity" "sha1-Ms2eXGRVO9WNGaVor0Uqz/BJgbE="
  "resolved" "https://registry.npm.taobao.org/mime/download/mime-1.6.0.tgz"
  "version" "1.6.0"

"minimist@^1.2.5":
  "integrity" "sha1-Z9ZgFLZqaoqqDAg8X9WN9OTpdgI="
  "resolved" "https://registry.npm.taobao.org/minimist/download/minimist-1.2.5.tgz"
  "version" "1.2.5"

"mkdirp@^0.5.1":
  "integrity" "sha1-2Rzv1i0UNsoPQWIOJRKI1CAJne8="
  "resolved" "https://registry.npm.taobao.org/mkdirp/download/mkdirp-0.5.5.tgz?cache=0&sync_timestamp=1587535418745&other_urls=https%3A%2F%2Fregistry.npm.taobao.org%2Fmkdirp%2Fdownload%2Fmkdirp-0.5.5.tgz"
  "version" "0.5.5"
  dependencies:
    "minimist" "^1.2.5"

"ms@^2.1.1":
  "integrity" "sha1-0J0fNXtEP0kzgqjrPM0YOHKuYAk="
  "resolved" "https://registry.npm.taobao.org/ms/download/ms-2.1.2.tgz"
  "version" "2.1.2"

"ms@2.0.0":
  "integrity" "sha1-VgiurfwAvmwpAd9fmGF4jeDVl8g="
  "resolved" "https://registry.npm.taobao.org/ms/download/ms-2.0.0.tgz"
  "version" "2.0.0"

"ms@2.1.1":
  "integrity" "sha1-MKWGTrPrsKZvLr5tcnrwagnYbgo="
  "resolved" "https://registry.npm.taobao.org/ms/download/ms-2.1.1.tgz"
  "version" "2.1.1"

"multer@^1.4.2":
  "integrity" "sha1-Lx9NEtuu66dMs35iPyNL9NPSBXo="
  "resolved" "https://registry.npm.taobao.org/multer/download/multer-1.4.2.tgz"
  "version" "1.4.2"
  dependencies:
    "append-field" "^1.0.0"
    "busboy" "^0.2.11"
    "concat-stream" "^1.5.2"
    "mkdirp" "^0.5.1"
    "object-assign" "^4.1.1"
    "on-finished" "^2.3.0"
    "type-is" "^1.6.4"
    "xtend" "^4.0.0"

"mysql@^2.18.1":
  "integrity" "sha1-IlQUOFXFqMc4JeRSK68uoCF2Zxc="
  "resolved" "https://registry.npm.taobao.org/mysql/download/mysql-2.18.1.tgz"
  "version" "2.18.1"
  dependencies:
    "bignumber.js" "9.0.0"
    "readable-stream" "2.3.7"
    "safe-buffer" "5.1.2"
    "sqlstring" "2.3.1"

"negotiator@0.6.2":
  "integrity" "sha1-/qz3zPUlp3rpY0Q2pkiD/+yjRvs="
  "resolved" "https://registry.npm.taobao.org/negotiator/download/negotiator-0.6.2.tgz"
  "version" "0.6.2"

"object-assign@^4", "object-assign@^4.1.1":
  "integrity" "sha1-IQmtx5ZYh8/AXLvUQsrIv7s2CGM="
  "resolved" "https://registry.npm.taobao.org/object-assign/download/object-assign-4.1.1.tgz"
  "version" "4.1.1"

"on-finished@^2.3.0", "on-finished@~2.3.0":
  "integrity" "sha1-IPEzZIGwg811M3mSoWlxqi2QaUc="
  "resolved" "https://registry.npm.taobao.org/on-finished/download/on-finished-2.3.0.tgz"
  "version" "2.3.0"
  dependencies:
    "ee-first" "1.1.1"

"parseurl@~1.3.3":
  "integrity" "sha1-naGee+6NEt/wUT7Vt2lXeTvC6NQ="
  "resolved" "https://registry.npm.taobao.org/parseurl/download/parseurl-1.3.3.tgz"
  "version" "1.3.3"

"path-to-regexp@0.1.7":
  "integrity" "sha1-32BBeABfUi8V60SQ5yR6G/qmf4w="
  "resolved" "https://registry.npm.taobao.org/path-to-regexp/download/path-to-regexp-0.1.7.tgz"
  "version" "0.1.7"

"process-nextick-args@~2.0.0":
  "integrity" "sha1-eCDZsWEgzFXKmud5JoCufbptf+I="
  "resolved" "https://registry.npm.taobao.org/process-nextick-args/download/process-nextick-args-2.0.1.tgz"
  "version" "2.0.1"

"proxy-addr@~2.0.5":
  "integrity" "sha1-/cIzZQVEfT8vLGOO0nLK9hS7sr8="
  "resolved" "https://registry.npm.taobao.org/proxy-addr/download/proxy-addr-2.0.6.tgz"
  "version" "2.0.6"
  dependencies:
    "forwarded" "~0.1.2"
    "ipaddr.js" "1.9.1"

"qs@6.7.0":
  "integrity" "sha1-QdwaAV49WB8WIXdr4xr7KHapsbw="
  "resolved" "https://registry.npm.taobao.org/qs/download/qs-6.7.0.tgz?cache=0&sync_timestamp=1585168658937&other_urls=https%3A%2F%2Fregistry.npm.taobao.org%2Fqs%2Fdownload%2Fqs-6.7.0.tgz"
  "version" "6.7.0"

"range-parser@~1.2.1":
  "integrity" "sha1-PPNwI9GZ4cJNGlW4SADC8+ZGgDE="
  "resolved" "https://registry.npm.taobao.org/range-parser/download/range-parser-1.2.1.tgz"
  "version" "1.2.1"

"raw-body@2.4.0":
  "integrity" "sha1-oc5vucm8NWylLoklarWQWeE9AzI="
  "resolved" "https://registry.npm.taobao.org/raw-body/download/raw-body-2.4.0.tgz"
  "version" "2.4.0"
  dependencies:
    "bytes" "3.1.0"
    "http-errors" "1.7.2"
    "iconv-lite" "0.4.24"
    "unpipe" "1.0.0"

"readable-stream@^2.2.2", "readable-stream@2.3.7":
  "integrity" "sha1-Hsoc9xGu+BTAT2IlKjamL2yyO1c="
  "resolved" "https://registry.npm.taobao.org/readable-stream/download/readable-stream-2.3.7.tgz?cache=0&sync_timestamp=1581623021561&other_urls=https%3A%2F%2Fregistry.npm.taobao.org%2Freadable-stream%2Fdownload%2Freadable-stream-2.3.7.tgz"
  "version" "2.3.7"
  dependencies:
    "core-util-is" "~1.0.0"
    "inherits" "~2.0.3"
    "isarray" "~1.0.0"
    "process-nextick-args" "~2.0.0"
    "safe-buffer" "~5.1.1"
    "string_decoder" "~1.1.1"
    "util-deprecate" "~1.0.1"

"readable-stream@1.1.x":
  "integrity" "sha1-fPTFTvZI44EwhMY23SB54WbAgdk="
  "resolved" "https://registry.npm.taobao.org/readable-stream/download/readable-stream-1.1.14.tgz?cache=0&sync_timestamp=1581623021561&other_urls=https%3A%2F%2Fregistry.npm.taobao.org%2Freadable-stream%2Fdownload%2Freadable-stream-1.1.14.tgz"
  "version" "1.1.14"
  dependencies:
    "core-util-is" "~1.0.0"
    "inherits" "~2.0.1"
    "isarray" "0.0.1"
    "string_decoder" "~0.10.x"

"safe-buffer@^5.0.1", "safe-buffer@~5.1.0", "safe-buffer@~5.1.1", "safe-buffer@5.1.2":
  "integrity" "sha1-mR7GnSluAxN0fVm9/St0XDX4go0="
  "resolved" "https://registry.npm.taobao.org/safe-buffer/download/safe-buffer-5.1.2.tgz"
  "version" "5.1.2"

"safer-buffer@>= 2.1.2 < 3":
  "integrity" "sha1-RPoWGwGHuVSd2Eu5GAL5vYOFzWo="
  "resolved" "https://registry.npm.taobao.org/safer-buffer/download/safer-buffer-2.1.2.tgz"
  "version" "2.1.2"

"semver@^5.6.0":
  "integrity" "sha1-qVT5Ma66UI0we78Gnv8MAclhFvc="
  "resolved" "https://registry.npm.taobao.org/semver/download/semver-5.7.1.tgz?cache=0&sync_timestamp=1586886660126&other_urls=https%3A%2F%2Fregistry.npm.taobao.org%2Fsemver%2Fdownload%2Fsemver-5.7.1.tgz"
  "version" "5.7.1"

"send@0.17.1":
  "integrity" "sha1-wdiwWfeQD3Rm3Uk4vcROEd2zdsg="
  "resolved" "https://registry.npm.taobao.org/send/download/send-0.17.1.tgz"
  "version" "0.17.1"
  dependencies:
    "debug" "2.6.9"
    "depd" "~1.1.2"
    "destroy" "~1.0.4"
    "encodeurl" "~1.0.2"
    "escape-html" "~1.0.3"
    "etag" "~1.8.1"
    "fresh" "0.5.2"
    "http-errors" "~1.7.2"
    "mime" "1.6.0"
    "ms" "2.1.1"
    "on-finished" "~2.3.0"
    "range-parser" "~1.2.1"
    "statuses" "~1.5.0"

"serve-static@1.14.1":
  "integrity" "sha1-Zm5jbcTwEPfvKZcKiKZ0MgiYsvk="
  "resolved" "https://registry.npm.taobao.org/serve-static/download/serve-static-1.14.1.tgz"
  "version" "1.14.1"
  dependencies:
    "encodeurl" "~1.0.2"
    "escape-html" "~1.0.3"
    "parseurl" "~1.3.3"
    "send" "0.17.1"

"setprototypeof@1.1.1":
  "integrity" "sha1-fpWsskqpL1iF4KvvW6ExMw1K5oM="
  "resolved" "https://registry.npm.taobao.org/setprototypeof/download/setprototypeof-1.1.1.tgz"
  "version" "1.1.1"

"sqlstring@2.3.1":
  "integrity" "sha1-R1OT/56RR5rqYtyvDKPRSYOn+0A="
  "resolved" "https://registry.npm.taobao.org/sqlstring/download/sqlstring-2.3.1.tgz?cache=0&sync_timestamp=1587004059195&other_urls=https%3A%2F%2Fregistry.npm.taobao.org%2Fsqlstring%2Fdownload%2Fsqlstring-2.3.1.tgz"
  "version" "2.3.1"

"statuses@>= 1.5.0 < 2", "statuses@~1.5.0":
  "integrity" "sha1-Fhx9rBd2Wf2YEfQ3cfqZOBR4Yow="
  "resolved" "https://registry.npm.taobao.org/statuses/download/statuses-1.5.0.tgz"
  "version" "1.5.0"

"streamsearch@0.1.2":
  "integrity" "sha1-gIudDlb8Jz2Am6VzOOkpkZoanxo="
  "resolved" "https://registry.npm.taobao.org/streamsearch/download/streamsearch-0.1.2.tgz"
  "version" "0.1.2"

"string_decoder@~0.10.x":
  "integrity" "sha1-YuIDvEF2bGwoyfyEMB2rHFMQ+pQ="
  "resolved" "https://registry.npm.taobao.org/string_decoder/download/string_decoder-0.10.31.tgz"
  "version" "0.10.31"

"string_decoder@~1.1.1":
  "integrity" "sha1-nPFhG6YmhdcDCunkujQUnDrwP8g="
  "resolved" "https://registry.npm.taobao.org/string_decoder/download/string_decoder-1.1.1.tgz"
  "version" "1.1.1"
  dependencies:
    "safe-buffer" "~5.1.0"

"toidentifier@1.0.0":
  "integrity" "sha1-fhvjRw8ed5SLxD2Uo8j013UrpVM="
  "resolved" "https://registry.npm.taobao.org/toidentifier/download/toidentifier-1.0.0.tgz"
  "version" "1.0.0"

"type-is@^1.6.4", "type-is@~1.6.17", "type-is@~1.6.18":
  "integrity" "sha1-TlUs0F3wlGfcvE73Od6J8s83wTE="
  "resolved" "https://registry.npm.taobao.org/type-is/download/type-is-1.6.18.tgz"
  "version" "1.6.18"
  dependencies:
    "media-typer" "0.3.0"
    "mime-types" "~2.1.24"

"typedarray@^0.0.6":
  "integrity" "sha1-hnrHTjhkGHsdPUfZlqeOxciDB3c="
  "resolved" "https://registry.npm.taobao.org/typedarray/download/typedarray-0.0.6.tgz"
  "version" "0.0.6"

"unpipe@~1.0.0", "unpipe@1.0.0":
  "integrity" "sha1-sr9O6FFKrmFltIF4KdIbLvSZBOw="
  "resolved" "https://registry.npm.taobao.org/unpipe/download/unpipe-1.0.0.tgz"
  "version" "1.0.0"

"util-deprecate@~1.0.1":
  "integrity" "sha1-RQ1Nyfpw3nMnYvvS1KKJgUGaDM8="
  "resolved" "https://registry.npm.taobao.org/util-deprecate/download/util-deprecate-1.0.2.tgz"
  "version" "1.0.2"

"utils-merge@1.0.1":
  "integrity" "sha1-n5VxD1CiZ5R7LMwSR0HBAoQn5xM="
  "resolved" "https://registry.npm.taobao.org/utils-merge/download/utils-merge-1.0.1.tgz"
  "version" "1.0.1"

"vary@^1", "vary@~1.1.2":
  "integrity" "sha1-IpnwLG3tMNSllhsLn3RSShj2NPw="
  "resolved" "https://registry.npm.taobao.org/vary/download/vary-1.1.2.tgz"
  "version" "1.1.2"

"xtend@^4.0.0":
  "integrity" "sha1-u3J3n1+kZRhrH0OPZ0+jR/2121Q="
  "resolved" "https://registry.npm.taobao.org/xtend/download/xtend-4.0.2.tgz"
  "version" "4.0.2"
